
Microsoft Visual Studio Solution File, Format Version 12.00
# Visual Studio 15
VisualStudioVersion = 15.0.28307.489
MinimumVisualStudioVersion = 10.0.40219.1
Project("{FAE04EC0-301F-11D3-BF4B-00C04F79EFBC}") = "LibraryApp", "LibraryApp\LibraryApp.csproj", "{A16FF0D3-4473-40F0-8D63-75F328B5A4BB}"
EndProject
Global
	GlobalSection(SolutionConfigurationPlatforms) = preSolution
		Debug|Any CPU = Debug|Any CPU
		Release|Any CPU = Release|Any CPU
	EndGlobalSection
	GlobalSection(ProjectConfigurationPlatforms) = postSolution
		{A16FF0D3-4473-40F0-8D63-75F328B5A4BB}.Debug|Any CPU.ActiveCfg = Debug|Any CPU
		{A16FF0D3-4473-40F0-8D63-75F328B5A4BB}.Debug|Any CPU.Build.0 = Debug|Any CPU
		{A16FF0D3-4473-40F0-8D63-75F328B5A4BB}.Release|Any CPU.ActiveCfg = Release|Any CPU
		{A16FF0D3-4473-40F0-8D63-75F328B5A4BB}.Release|Any CPU.Build.0 = Release|Any CPU
	EndGlobalSection
	GlobalSection(SolutionProperties) = preSolution
		HideSolutionNode = FALSE
	EndGlobalSection
	GlobalSection(ExtensibilityGlobals) = postSolution
		SolutionGuid = {00044B91-27E3-4B8A-BF5F-1BF479693C95}
	EndGlobalSection
EndGlobal
